
Microsoft Visual Studio Solution File, Format Version 12.00
# Visual Studio Version 17
VisualStudioVersion = 17.5.33424.131
MinimumVisualStudioVersion = 10.0.40219.1
Project("{FAE04EC0-301F-11D3-BF4B-00C04F79EFBC}") = "Inject", "Inject\Inject.csproj", "{B0BB28EB-4838-4203-85EB-E6F14DC789B2}"
EndProject
Global
	GlobalSection(SolutionConfigurationPlatforms) = preSolution
		Debug|Any CPU = Debug|Any CPU
		Release|Any CPU = Release|Any CPU
	EndGlobalSection
	GlobalSection(ProjectConfigurationPlatforms) = postSolution
		{B0BB28EB-4838-4203-85EB-E6F14DC789B2}.Debug|Any CPU.ActiveCfg = Debug|Any CPU
		{B0BB28EB-4838-4203-85EB-E6F14DC789B2}.Debug|Any CPU.Build.0 = Debug|Any CPU
		{B0BB28EB-4838-4203-85EB-E6F14DC789B2}.Release|Any CPU.ActiveCfg = Release|Any CPU
		{B0BB28EB-4838-4203-85EB-E6F14DC789B2}.Release|Any CPU.Build.0 = Release|Any CPU
	EndGlobalSection
	GlobalSection(SolutionProperties) = preSolution
		HideSolutionNode = FALSE
	EndGlobalSection
	GlobalSection(ExtensibilityGlobals) = postSolution
		SolutionGuid = {1E362A68-A37D-4F9F-B792-B3232C170E0C}
	EndGlobalSection
EndGlobal
